// !$*UTF8*$!
{
	archiveVersion = 1;
	classes = {
	};
	objectVersion = 46;
	objects = {

/* Begin PBXBuildFile section */
		374A87C51E888C9100D6B178 /* ASelectionSort.swift in Sources */ = {isa = PBXBuildFile; fileRef = 374A87C41E888C9100D6B178 /* ASelectionSort.swift */; };
		374A87C91E88C62600D6B178 /* AInsertionSort.swift in Sources */ = {isa = PBXBuildFile; fileRef = 374A87C81E88C62600D6B178 /* AInsertionSort.swift */; };
		900078671E84A6EF008ED295 /* InsertionSort.swift in Sources */ = {isa = PBXBuildFile; fileRef = 900078661E84A6EF008ED295 /* InsertionSort.swift */; };
		900078691E84A6FD008ED295 /* SelectionSort.swift in Sources */ = {isa = PBXBuildFile; fileRef = 900078681E84A6FD008ED295 /* SelectionSort.swift */; };
		9000786B1E854B7E008ED295 /* ShellSort.swift in Sources */ = {isa = PBXBuildFile; fileRef = 9000786A1E854B7E008ED295 /* ShellSort.swift */; };
		901354771E84A64E0085520E /* main.swift in Sources */ = {isa = PBXBuildFile; fileRef = 901354761E84A64E0085520E /* main.swift */; };
		90ACD5981E8B072B00D62A57 /* QueueAPI.swift in Sources */ = {isa = PBXBuildFile; fileRef = 90ACD5971E8B072B00D62A57 /* QueueAPI.swift */; };
		90ACD59A1E8B441F00D62A57 /* LinkedListQueue.swift in Sources */ = {isa = PBXBuildFile; fileRef = 90ACD5991E8B441F00D62A57 /* LinkedListQueue.swift */; };
		90ACD59C1E8C0A1D00D62A57 /* Node.swift in Sources */ = {isa = PBXBuildFile; fileRef = 90ACD59B1E8C0A1D00D62A57 /* Node.swift */; };
		90ACD59E1E8C3ACD00D62A57 /* ListAPI.swift in Sources */ = {isa = PBXBuildFile; fileRef = 90ACD59D1E8C3ACD00D62A57 /* ListAPI.swift */; };
		90ACD5A01E8CA94800D62A57 /* QueueOfString.swift in Sources */ = {isa = PBXBuildFile; fileRef = 90ACD59F1E8CA94800D62A57 /* QueueOfString.swift */; };
		90B0A1F81E8CE3D200ED9844 /* SortTrace.swift in Sources */ = {isa = PBXBuildFile; fileRef = 90B0A1F71E8CE3D200ED9844 /* SortTrace.swift */; };
/* End PBXBuildFile section */

/* Begin PBXCopyFilesBuildPhase section */
		901354711E84A64E0085520E /* CopyFiles */ = {
			isa = PBXCopyFilesBuildPhase;
			buildActionMask = 2147483647;
			dstPath = /usr/share/man/man1/;
			dstSubfolderSpec = 0;
			files = (
			);
			runOnlyForDeploymentPostprocessing = 1;
		};
/* End PBXCopyFilesBuildPhase section */

/* Begin PBXFileReference section */
		374A87C41E888C9100D6B178 /* ASelectionSort.swift */ = {isa = PBXFileReference; fileEncoding = 4; lastKnownFileType = sourcecode.swift; path = ASelectionSort.swift; sourceTree = "<group>"; };
		374A87C81E88C62600D6B178 /* AInsertionSort.swift */ = {isa = PBXFileReference; fileEncoding = 4; lastKnownFileType = sourcecode.swift; path = AInsertionSort.swift; sourceTree = "<group>"; };
		900078661E84A6EF008ED295 /* InsertionSort.swift */ = {isa = PBXFileReference; fileEncoding = 4; lastKnownFileType = sourcecode.swift; path = InsertionSort.swift; sourceTree = "<group>"; };
		900078681E84A6FD008ED295 /* SelectionSort.swift */ = {isa = PBXFileReference; fileEncoding = 4; lastKnownFileType = sourcecode.swift; path = SelectionSort.swift; sourceTree = "<group>"; };
		9000786A1E854B7E008ED295 /* ShellSort.swift */ = {isa = PBXFileReference; fileEncoding = 4; lastKnownFileType = sourcecode.swift; path = ShellSort.swift; sourceTree = "<group>"; };
		901354731E84A64E0085520E /* ElementarySorts */ = {isa = PBXFileReference; explicitFileType = "compiled.mach-o.executable"; includeInIndex = 0; path = ElementarySorts; sourceTree = BUILT_PRODUCTS_DIR; };
		901354761E84A64E0085520E /* main.swift */ = {isa = PBXFileReference; lastKnownFileType = sourcecode.swift; path = main.swift; sourceTree = "<group>"; };
		90ACD5971E8B072B00D62A57 /* QueueAPI.swift */ = {isa = PBXFileReference; fileEncoding = 4; lastKnownFileType = sourcecode.swift; name = QueueAPI.swift; path = Queue/QueueAPI.swift; sourceTree = "<group>"; };
		90ACD5991E8B441F00D62A57 /* LinkedListQueue.swift */ = {isa = PBXFileReference; fileEncoding = 4; lastKnownFileType = sourcecode.swift; name = LinkedListQueue.swift; path = Queue/LinkedListQueue.swift; sourceTree = "<group>"; };
		90ACD59B1E8C0A1D00D62A57 /* Node.swift */ = {isa = PBXFileReference; fileEncoding = 4; lastKnownFileType = sourcecode.swift; name = Node.swift; path = Queue/Node.swift; sourceTree = "<group>"; };
		90ACD59D1E8C3ACD00D62A57 /* ListAPI.swift */ = {isa = PBXFileReference; fileEncoding = 4; lastKnownFileType = sourcecode.swift; name = ListAPI.swift; path = Queue/ListAPI.swift; sourceTree = "<group>"; };
		90ACD59F1E8CA94800D62A57 /* QueueOfString.swift */ = {isa = PBXFileReference; fileEncoding = 4; lastKnownFileType = sourcecode.swift; name = QueueOfString.swift; path = Queue/QueueOfString.swift; sourceTree = "<group>"; };
		90B0A1F71E8CE3D200ED9844 /* SortTrace.swift */ = {isa = PBXFileReference; fileEncoding = 4; lastKnownFileType = sourcecode.swift; path = SortTrace.swift; sourceTree = "<group>"; };
		90B0A1F91E8CFEE500ED9844 /* SortTrace.rtf */ = {isa = PBXFileReference; fileEncoding = 4; lastKnownFileType = text.rtf; path = SortTrace.rtf; sourceTree = "<group>"; };
		90B0A1FA1E8D03D000ED9844 /* SortTrace.txt */ = {isa = PBXFileReference; fileEncoding = 4; lastKnownFileType = text; path = SortTrace.txt; sourceTree = "<group>"; };
		90B0A1FB1E8D04C300ED9844 /* SortTrace.html */ = {isa = PBXFileReference; fileEncoding = 4; lastKnownFileType = text.html; path = SortTrace.html; sourceTree = "<group>"; };
/* End PBXFileReference section */

/* Begin PBXFrameworksBuildPhase section */
		901354701E84A64E0085520E /* Frameworks */ = {
			isa = PBXFrameworksBuildPhase;
			buildActionMask = 2147483647;
			files = (
			);
			runOnlyForDeploymentPostprocessing = 0;
		};
/* End PBXFrameworksBuildPhase section */

/* Begin PBXGroup section */
		9013546A1E84A64E0085520E = {
			isa = PBXGroup;
			children = (
				90ACD5961E8B06D900D62A57 /* Queue */,
				374A87C41E888C9100D6B178 /* ASelectionSort.swift */,
				374A87C81E88C62600D6B178 /* AInsertionSort.swift */,
				901354751E84A64E0085520E /* ElementarySorts */,
				901354741E84A64E0085520E /* Products */,
			);
			sourceTree = "<group>";
		};
		901354741E84A64E0085520E /* Products */ = {
			isa = PBXGroup;
			children = (
				901354731E84A64E0085520E /* ElementarySorts */,
			);
			name = Products;
			sourceTree = "<group>";
		};
		901354751E84A64E0085520E /* ElementarySorts */ = {
			isa = PBXGroup;
			children = (
				90B0A1FB1E8D04C300ED9844 /* SortTrace.html */,
				90B0A1F91E8CFEE500ED9844 /* SortTrace.rtf */,
				901354761E84A64E0085520E /* main.swift */,
				9000786A1E854B7E008ED295 /* ShellSort.swift */,
				900078661E84A6EF008ED295 /* InsertionSort.swift */,
				900078681E84A6FD008ED295 /* SelectionSort.swift */,
				90B0A1F71E8CE3D200ED9844 /* SortTrace.swift */,
				90B0A1FA1E8D03D000ED9844 /* SortTrace.txt */,
			);
			path = ElementarySorts;
			sourceTree = "<group>";
		};
		90ACD5961E8B06D900D62A57 /* Queue */ = {
			isa = PBXGroup;
			children = (
				90ACD5971E8B072B00D62A57 /* QueueAPI.swift */,
				90ACD5991E8B441F00D62A57 /* LinkedListQueue.swift */,
				90ACD59B1E8C0A1D00D62A57 /* Node.swift */,
				90ACD59D1E8C3ACD00D62A57 /* ListAPI.swift */,
				90ACD59F1E8CA94800D62A57 /* QueueOfString.swift */,
			);
			name = Queue;
			sourceTree = "<group>";
		};
/* End PBXGroup section */

/* Begin PBXNativeTarget section */
		901354721E84A64E0085520E /* ElementarySorts */ = {
			isa = PBXNativeTarget;
			buildConfigurationList = 9013547A1E84A64E0085520E /* Build configuration list for PBXNativeTarget "ElementarySorts" */;
			buildPhases = (
				9013546F1E84A64E0085520E /* Sources */,
				901354701E84A64E0085520E /* Frameworks */,
				901354711E84A64E0085520E /* CopyFiles */,
			);
			buildRules = (
			);
			dependencies = (
			);
			name = ElementarySorts;
			productName = ElementarySorts;
			productReference = 901354731E84A64E0085520E /* ElementarySorts */;
			productType = "com.apple.product-type.tool";
		};
/* End PBXNativeTarget section */

/* Begin PBXProject section */
		9013546B1E84A64E0085520E /* Project object */ = {
			isa = PBXProject;
			attributes = {
				LastSwiftUpdateCheck = 0820;
				LastUpgradeCheck = 0830;
				ORGANIZATIONNAME = ForeCyte;
				TargetAttributes = {
					901354721E84A64E0085520E = {
						CreatedOnToolsVersion = 8.2.1;
						DevelopmentTeam = NL9DRERKET;
						ProvisioningStyle = Automatic;
					};
				};
			};
			buildConfigurationList = 9013546E1E84A64E0085520E /* Build configuration list for PBXProject "ElementarySorts" */;
			compatibilityVersion = "Xcode 3.2";
			developmentRegion = English;
			hasScannedForEncodings = 0;
			knownRegions = (
				en,
			);
			mainGroup = 9013546A1E84A64E0085520E;
			productRefGroup = 901354741E84A64E0085520E /* Products */;
			projectDirPath = "";
			projectRoot = "";
			targets = (
				901354721E84A64E0085520E /* ElementarySorts */,
			);
		};
/* End PBXProject section */

/* Begin PBXSourcesBuildPhase section */
		9013546F1E84A64E0085520E /* Sources */ = {
			isa = PBXSourcesBuildPhase;
			buildActionMask = 2147483647;
			files = (
				90ACD59A1E8B441F00D62A57 /* LinkedListQueue.swift in Sources */,
				901354771E84A64E0085520E /* main.swift in Sources */,
				90ACD5A01E8CA94800D62A57 /* QueueOfString.swift in Sources */,
				374A87C91E88C62600D6B178 /* AInsertionSort.swift in Sources */,
				900078691E84A6FD008ED295 /* SelectionSort.swift in Sources */,
				90B0A1F81E8CE3D200ED9844 /* SortTrace.swift in Sources */,
				90ACD59E1E8C3ACD00D62A57 /* ListAPI.swift in Sources */,
				90ACD59C1E8C0A1D00D62A57 /* Node.swift in Sources */,
				9000786B1E854B7E008ED295 /* ShellSort.swift in Sources */,
				90ACD5981E8B072B00D62A57 /* QueueAPI.swift in Sources */,
				900078671E84A6EF008ED295 /* InsertionSort.swift in Sources */,
				374A87C51E888C9100D6B178 /* ASelectionSort.swift in Sources */,
			);
			runOnlyForDeploymentPostprocessing = 0;
		};
/* End PBXSourcesBuildPhase section */

/* Begin XCBuildConfiguration section */
		901354781E84A64E0085520E /* Debug */ = {
			isa = XCBuildConfiguration;
			buildSettings = {
				ALWAYS_SEARCH_USER_PATHS = NO;
				CLANG_ANALYZER_NONNULL = YES;
				CLANG_CXX_LANGUAGE_STANDARD = "gnu++0x";
				CLANG_CXX_LIBRARY = "libc++";
				CLANG_ENABLE_MODULES = YES;
				CLANG_ENABLE_OBJC_ARC = YES;
				CLANG_WARN_BOOL_CONVERSION = YES;
				CLANG_WARN_CONSTANT_CONVERSION = YES;
				CLANG_WARN_DIRECT_OBJC_ISA_USAGE = YES_ERROR;
				CLANG_WARN_DOCUMENTATION_COMMENTS = YES;
				CLANG_WARN_EMPTY_BODY = YES;
				CLANG_WARN_ENUM_CONVERSION = YES;
				CLANG_WARN_INFINITE_RECURSION = YES;
				CLANG_WARN_INT_CONVERSION = YES;
				CLANG_WARN_OBJC_ROOT_CLASS = YES_ERROR;
				CLANG_WARN_SUSPICIOUS_MOVE = YES;
				CLANG_WARN_UNREACHABLE_CODE = YES;
				CLANG_WARN__DUPLICATE_METHOD_MATCH = YES;
				CODE_SIGN_IDENTITY = "-";
				COPY_PHASE_STRIP = NO;
				DEBUG_INFORMATION_FORMAT = dwarf;
				ENABLE_STRICT_OBJC_MSGSEND = YES;
				ENABLE_TESTABILITY = YES;
				GCC_C_LANGUAGE_STANDARD = gnu99;
				GCC_DYNAMIC_NO_PIC = NO;
				GCC_NO_COMMON_BLOCKS = YES;
				GCC_OPTIMIZATION_LEVEL = 0;
				GCC_PREPROCESSOR_DEFINITIONS = (
					"DEBUG=1",
					"$(inherited)",
				);
				GCC_WARN_64_TO_32_BIT_CONVERSION = YES;
				GCC_WARN_ABOUT_RETURN_TYPE = YES_ERROR;
				GCC_WARN_UNDECLARED_SELECTOR = YES;
				GCC_WARN_UNINITIALIZED_AUTOS = YES_AGGRESSIVE;
				GCC_WARN_UNUSED_FUNCTION = YES;
				GCC_WARN_UNUSED_VARIABLE = YES;
				MACOSX_DEPLOYMENT_TARGET = 10.12;
				MTL_ENABLE_DEBUG_INFO = YES;
				ONLY_ACTIVE_ARCH = YES;
				SDKROOT = macosx;
				SWIFT_OPTIMIZATION_LEVEL = "-Onone";
			};
			name = Debug;
		};
		901354791E84A64E0085520E /* Release */ = {
			isa = XCBuildConfiguration;
			buildSettings = {
				ALWAYS_SEARCH_USER_PATHS = NO;
				CLANG_ANALYZER_NONNULL = YES;
				CLANG_CXX_LANGUAGE_STANDARD = "gnu++0x";
				CLANG_CXX_LIBRARY = "libc++";
				CLANG_ENABLE_MODULES = YES;
				CLANG_ENABLE_OBJC_ARC = YES;
				CLANG_WARN_BOOL_CONVERSION = YES;
				CLANG_WARN_CONSTANT_CONVERSION = YES;
				CLANG_WARN_DIRECT_OBJC_ISA_USAGE = YES_ERROR;
				CLANG_WARN_DOCUMENTATION_COMMENTS = YES;
				CLANG_WARN_EMPTY_BODY = YES;
				CLANG_WARN_ENUM_CONVERSION = YES;
				CLANG_WARN_INFINITE_RECURSION = YES;
				CLANG_WARN_INT_CONVERSION = YES;
				CLANG_WARN_OBJC_ROOT_CLASS = YES_ERROR;
				CLANG_WARN_SUSPICIOUS_MOVE = YES;
				CLANG_WARN_UNREACHABLE_CODE = YES;
				CLANG_WARN__DUPLICATE_METHOD_MATCH = YES;
				CODE_SIGN_IDENTITY = "-";
				COPY_PHASE_STRIP = NO;
				DEBUG_INFORMATION_FORMAT = "dwarf-with-dsym";
				ENABLE_NS_ASSERTIONS = NO;
				ENABLE_STRICT_OBJC_MSGSEND = YES;
				GCC_C_LANGUAGE_STANDARD = gnu99;
				GCC_NO_COMMON_BLOCKS = YES;
				GCC_WARN_64_TO_32_BIT_CONVERSION = YES;
				GCC_WARN_ABOUT_RETURN_TYPE = YES_ERROR;
				GCC_WARN_UNDECLARED_SELECTOR = YES;
				GCC_WARN_UNINITIALIZED_AUTOS = YES_AGGRESSIVE;
				GCC_WARN_UNUSED_FUNCTION = YES;
				GCC_WARN_UNUSED_VARIABLE = YES;
				MACOSX_DEPLOYMENT_TARGET = 10.12;
				MTL_ENABLE_DEBUG_INFO = NO;
				SDKROOT = macosx;
				SWIFT_OPTIMIZATION_LEVEL = "-Owholemodule";
			};
			name = Release;
		};
		9013547B1E84A64E0085520E /* Debug */ = {
			isa = XCBuildConfiguration;
			buildSettings = {
				DEVELOPMENT_TEAM = NL9DRERKET;
				PRODUCT_NAME = "$(TARGET_NAME)";
				SWIFT_VERSION = 3.0;
			};
			name = Debug;
		};
		9013547C1E84A64E0085520E /* Release */ = {
			isa = XCBuildConfiguration;
			buildSettings = {
				DEVELOPMENT_TEAM = NL9DRERKET;
				PRODUCT_NAME = "$(TARGET_NAME)";
				SWIFT_VERSION = 3.0;
			};
			name = Release;
		};
/* End XCBuildConfiguration section */

/* Begin XCConfigurationList section */
		9013546E1E84A64E0085520E /* Build configuration list for PBXProject "ElementarySorts" */ = {
			isa = XCConfigurationList;
			buildConfigurations = (
				901354781E84A64E0085520E /* Debug */,
				901354791E84A64E0085520E /* Release */,
			);
			defaultConfigurationIsVisible = 0;
			defaultConfigurationName = Release;
		};
		9013547A1E84A64E0085520E /* Build configuration list for PBXNativeTarget "ElementarySorts" */ = {
			isa = XCConfigurationList;
			buildConfigurations = (
				9013547B1E84A64E0085520E /* Debug */,
				9013547C1E84A64E0085520E /* Release */,
			);
			defaultConfigurationIsVisible = 0;
			defaultConfigurationName = Release;
		};
/* End XCConfigurationList section */
	};
	rootObject = 9013546B1E84A64E0085520E /* Project object */;
}
